// !$*UTF8*$!
{
	archiveVersion = 1;
	classes = {
	};
	objectVersion = 50;
	objects = {

/* Begin PBXBuildFile section */
		DA63E74E259B020500E76E2B /* Constants.swift in Sources */ = {isa = PBXBuildFile; fileRef = DA63E74D259B020500E76E2B /* Constants.swift */; };
		DA63E754259B15DA00E76E2B /* PopupSuperVC.swift in Sources */ = {isa = PBXBuildFile; fileRef = DA63E753259B15DA00E76E2B /* PopupSuperVC.swift */; };
		DAE0CBE02599AF9F007C333C /* AppDelegate.swift in Sources */ = {isa = PBXBuildFile; fileRef = DAE0CBDF2599AF9F007C333C /* AppDelegate.swift */; };
		DAE0CBE22599AF9F007C333C /* SceneDelegate.swift in Sources */ = {isa = PBXBuildFile; fileRef = DAE0CBE12599AF9F007C333C /* SceneDelegate.swift */; };
		DAE0CBE42599AF9F007C333C /* ViewController.swift in Sources */ = {isa = PBXBuildFile; fileRef = DAE0CBE32599AF9F007C333C /* ViewController.swift */; };
		DAE0CBE72599AF9F007C333C /* Main.storyboard in Resources */ = {isa = PBXBuildFile; fileRef = DAE0CBE52599AF9F007C333C /* Main.storyboard */; };
		DAE0CBE92599AFA3007C333C /* Assets.xcassets in Resources */ = {isa = PBXBuildFile; fileRef = DAE0CBE82599AFA3007C333C /* Assets.xcassets */; };
		DAE0CBEC2599AFA3007C333C /* LaunchScreen.storyboard in Resources */ = {isa = PBXBuildFile; fileRef = DAE0CBEA2599AFA3007C333C /* LaunchScreen.storyboard */; };
		DAE0CBF52599B033007C333C /* CalanderVC.swift in Sources */ = {isa = PBXBuildFile; fileRef = DAE0CBF42599B033007C333C /* CalanderVC.swift */; };
/* End PBXBuildFile section */

/* Begin PBXFileReference section */
		DA63E74D259B020500E76E2B /* Constants.swift */ = {isa = PBXFileReference; lastKnownFileType = sourcecode.swift; path = Constants.swift; sourceTree = "<group>"; };
		DA63E74F259B0C7500E76E2B /* CalanderExample-Bridging-Header.h */ = {isa = PBXFileReference; lastKnownFileType = sourcecode.c.h; path = "CalanderExample-Bridging-Header.h"; sourceTree = "<group>"; };
		DA63E753259B15DA00E76E2B /* PopupSuperVC.swift */ = {isa = PBXFileReference; fileEncoding = 4; lastKnownFileType = sourcecode.swift; path = PopupSuperVC.swift; sourceTree = "<group>"; };
		DAE0CBDC2599AF9E007C333C /* CalanderExample.app */ = {isa = PBXFileReference; explicitFileType = wrapper.application; includeInIndex = 0; path = CalanderExample.app; sourceTree = BUILT_PRODUCTS_DIR; };
		DAE0CBDF2599AF9F007C333C /* AppDelegate.swift */ = {isa = PBXFileReference; lastKnownFileType = sourcecode.swift; path = AppDelegate.swift; sourceTree = "<group>"; };
		DAE0CBE12599AF9F007C333C /* SceneDelegate.swift */ = {isa = PBXFileReference; lastKnownFileType = sourcecode.swift; path = SceneDelegate.swift; sourceTree = "<group>"; };
		DAE0CBE32599AF9F007C333C /* ViewController.swift */ = {isa = PBXFileReference; lastKnownFileType = sourcecode.swift; path = ViewController.swift; sourceTree = "<group>"; };
		DAE0CBE62599AF9F007C333C /* Base */ = {isa = PBXFileReference; lastKnownFileType = file.storyboard; name = Base; path = Base.lproj/Main.storyboard; sourceTree = "<group>"; };
		DAE0CBE82599AFA3007C333C /* Assets.xcassets */ = {isa = PBXFileReference; lastKnownFileType = folder.assetcatalog; path = Assets.xcassets; sourceTree = "<group>"; };
		DAE0CBEB2599AFA3007C333C /* Base */ = {isa = PBXFileReference; lastKnownFileType = file.storyboard; name = Base; path = Base.lproj/LaunchScreen.storyboard; sourceTree = "<group>"; };
		DAE0CBED2599AFA3007C333C /* Info.plist */ = {isa = PBXFileReference; lastKnownFileType = text.plist.xml; path = Info.plist; sourceTree = "<group>"; };
		DAE0CBF42599B033007C333C /* CalanderVC.swift */ = {isa = PBXFileReference; lastKnownFileType = sourcecode.swift; path = CalanderVC.swift; sourceTree = "<group>"; };
/* End PBXFileReference section */

/* Begin PBXFrameworksBuildPhase section */
		DAE0CBD92599AF9E007C333C /* Frameworks */ = {
			isa = PBXFrameworksBuildPhase;
			buildActionMask = 2147483647;
			files = (
			);
			runOnlyForDeploymentPostprocessing = 0;
		};
/* End PBXFrameworksBuildPhase section */

/* Begin PBXGroup section */
		DA63E748259AFF7500E76E2B /* PopupSuperVC */ = {
			isa = PBXGroup;
			children = (
				DA63E753259B15DA00E76E2B /* PopupSuperVC.swift */,
			);
			path = PopupSuperVC;
			sourceTree = "<group>";
		};
		DA63E74B259B00FB00E76E2B /* Constants */ = {
			isa = PBXGroup;
			children = (
				DA63E74D259B020500E76E2B /* Constants.swift */,
			);
			path = Constants;
			sourceTree = "<group>";
		};
		DAE0CBD32599AF9E007C333C = {
			isa = PBXGroup;
			children = (
				DAE0CBDE2599AF9F007C333C /* CalanderExample */,
				DAE0CBDD2599AF9E007C333C /* Products */,
			);
			sourceTree = "<group>";
		};
		DAE0CBDD2599AF9E007C333C /* Products */ = {
			isa = PBXGroup;
			children = (
				DAE0CBDC2599AF9E007C333C /* CalanderExample.app */,
			);
			name = Products;
			sourceTree = "<group>";
		};
		DAE0CBDE2599AF9F007C333C /* CalanderExample */ = {
			isa = PBXGroup;
			children = (
				DA63E74B259B00FB00E76E2B /* Constants */,
				DA63E748259AFF7500E76E2B /* PopupSuperVC */,
				DAE0CBF32599B00C007C333C /* CalanderVC */,
				DAE0CBDF2599AF9F007C333C /* AppDelegate.swift */,
				DAE0CBE12599AF9F007C333C /* SceneDelegate.swift */,
				DAE0CBE32599AF9F007C333C /* ViewController.swift */,
				DAE0CBE52599AF9F007C333C /* Main.storyboard */,
				DAE0CBE82599AFA3007C333C /* Assets.xcassets */,
				DAE0CBEA2599AFA3007C333C /* LaunchScreen.storyboard */,
				DAE0CBED2599AFA3007C333C /* Info.plist */,
				DA63E74F259B0C7500E76E2B /* CalanderExample-Bridging-Header.h */,
			);
			path = CalanderExample;
			sourceTree = "<group>";
		};
		DAE0CBF32599B00C007C333C /* CalanderVC */ = {
			isa = PBXGroup;
			children = (
				DAE0CBF42599B033007C333C /* CalanderVC.swift */,
			);
			path = CalanderVC;
			sourceTree = "<group>";
		};
/* End PBXGroup section */

/* Begin PBXNativeTarget section */
		DAE0CBDB2599AF9E007C333C /* CalanderExample */ = {
			isa = PBXNativeTarget;
			buildConfigurationList = DAE0CBF02599AFA3007C333C /* Build configuration list for PBXNativeTarget "CalanderExample" */;
			buildPhases = (
				DAE0CBD82599AF9E007C333C /* Sources */,
				DAE0CBD92599AF9E007C333C /* Frameworks */,
				DAE0CBDA2599AF9E007C333C /* Resources */,
			);
			buildRules = (
			);
			dependencies = (
			);
			name = CalanderExample;
			productName = CalanderExample;
			productReference = DAE0CBDC2599AF9E007C333C /* CalanderExample.app */;
			productType = "com.apple.product-type.application";
		};
/* End PBXNativeTarget section */

/* Begin PBXProject section */
		DAE0CBD42599AF9E007C333C /* Project object */ = {
			isa = PBXProject;
			attributes = {
				LastSwiftUpdateCheck = 1150;
				LastUpgradeCheck = 1150;
				ORGANIZATIONNAME = Hitendra;
				TargetAttributes = {
					DAE0CBDB2599AF9E007C333C = {
						CreatedOnToolsVersion = 11.5;
						LastSwiftMigration = 1150;
					};
				};
			};
			buildConfigurationList = DAE0CBD72599AF9E007C333C /* Build configuration list for PBXProject "CalanderExample" */;
			compatibilityVersion = "Xcode 9.3";
			developmentRegion = en;
			hasScannedForEncodings = 0;
			knownRegions = (
				en,
				Base,
			);
			mainGroup = DAE0CBD32599AF9E007C333C;
			productRefGroup = DAE0CBDD2599AF9E007C333C /* Products */;
			projectDirPath = "";
			projectRoot = "";
			targets = (
				DAE0CBDB2599AF9E007C333C /* CalanderExample */,
			);
		};
/* End PBXProject section */

/* Begin PBXResourcesBuildPhase section */
		DAE0CBDA2599AF9E007C333C /* Resources */ = {
			isa = PBXResourcesBuildPhase;
			buildActionMask = 2147483647;
			files = (
				DAE0CBEC2599AFA3007C333C /* LaunchScreen.storyboard in Resources */,
				DAE0CBE92599AFA3007C333C /* Assets.xcassets in Resources */,
				DAE0CBE72599AF9F007C333C /* Main.storyboard in Resources */,
			);
			runOnlyForDeploymentPostprocessing = 0;
		};
/* End PBXResourcesBuildPhase section */

/* Begin PBXSourcesBuildPhase section */
		DAE0CBD82599AF9E007C333C /* Sources */ = {
			isa = PBXSourcesBuildPhase;
			buildActionMask = 2147483647;
			files = (
				DAE0CBE42599AF9F007C333C /* ViewController.swift in Sources */,
				DAE0CBE02599AF9F007C333C /* AppDelegate.swift in Sources */,
				DAE0CBF52599B033007C333C /* CalanderVC.swift in Sources */,
				DAE0CBE22599AF9F007C333C /* SceneDelegate.swift in Sources */,
				DA63E74E259B020500E76E2B /* Constants.swift in Sources */,
				DA63E754259B15DA00E76E2B /* PopupSuperVC.swift in Sources */,
			);
			runOnlyForDeploymentPostprocessing = 0;
		};
/* End PBXSourcesBuildPhase section */

/* Begin PBXVariantGroup section */
		DAE0CBE52599AF9F007C333C /* Main.storyboard */ = {
			isa = PBXVariantGroup;
			children = (
				DAE0CBE62599AF9F007C333C /* Base */,
			);
			name = Main.storyboard;
			sourceTree = "<group>";
		};
		DAE0CBEA2599AFA3007C333C /* LaunchScreen.storyboard */ = {
			isa = PBXVariantGroup;
			children = (
				DAE0CBEB2599AFA3007C333C /* Base */,
			);
			name = LaunchScreen.storyboard;
			sourceTree = "<group>";
		};
/* End PBXVariantGroup section */

/* Begin XCBuildConfiguration section */
		DAE0CBEE2599AFA3007C333C /* Debug */ = {
			isa = XCBuildConfiguration;
			buildSettings = {
				ALWAYS_SEARCH_USER_PATHS = NO;
				CLANG_ANALYZER_NONNULL = YES;
				CLANG_ANALYZER_NUMBER_OBJECT_CONVERSION = YES_AGGRESSIVE;
				CLANG_CXX_LANGUAGE_STANDARD = "gnu++14";
				CLANG_CXX_LIBRARY = "libc++";
				CLANG_ENABLE_MODULES = YES;
				CLANG_ENABLE_OBJC_ARC = YES;
				CLANG_ENABLE_OBJC_WEAK = YES;
				CLANG_WARN_BLOCK_CAPTURE_AUTORELEASING = YES;
				CLANG_WARN_BOOL_CONVERSION = YES;
				CLANG_WARN_COMMA = YES;
				CLANG_WARN_CONSTANT_CONVERSION = YES;
				CLANG_WARN_DEPRECATED_OBJC_IMPLEMENTATIONS = YES;
				CLANG_WARN_DIRECT_OBJC_ISA_USAGE = YES_ERROR;
				CLANG_WARN_DOCUMENTATION_COMMENTS = YES;
				CLANG_WARN_EMPTY_BODY = YES;
				CLANG_WARN_ENUM_CONVERSION = YES;
				CLANG_WARN_INFINITE_RECURSION = YES;
				CLANG_WARN_INT_CONVERSION = YES;
				CLANG_WARN_NON_LITERAL_NULL_CONVERSION = YES;
				CLANG_WARN_OBJC_IMPLICIT_RETAIN_SELF = YES;
				CLANG_WARN_OBJC_LITERAL_CONVERSION = YES;
				CLANG_WARN_OBJC_ROOT_CLASS = YES_ERROR;
				CLANG_WARN_RANGE_LOOP_ANALYSIS = YES;
				CLANG_WARN_STRICT_PROTOTYPES = YES;
				CLANG_WARN_SUSPICIOUS_MOVE = YES;
				CLANG_WARN_UNGUARDED_AVAILABILITY = YES_AGGRESSIVE;
				CLANG_WARN_UNREACHABLE_CODE = YES;
				CLANG_WARN__DUPLICATE_METHOD_MATCH = YES;
				COPY_PHASE_STRIP = NO;
				DEBUG_INFORMATION_FORMAT = dwarf;
				ENABLE_STRICT_OBJC_MSGSEND = YES;
				ENABLE_TESTABILITY = YES;
				GCC_C_LANGUAGE_STANDARD = gnu11;
				GCC_DYNAMIC_NO_PIC = NO;
				GCC_NO_COMMON_BLOCKS = YES;
				GCC_OPTIMIZATION_LEVEL = 0;
				GCC_PREPROCESSOR_DEFINITIONS = (
					"DEBUG=1",
					"$(inherited)",
				);
				GCC_WARN_64_TO_32_BIT_CONVERSION = YES;
				GCC_WARN_ABOUT_RETURN_TYPE = YES_ERROR;
				GCC_WARN_UNDECLARED_SELECTOR = YES;
				GCC_WARN_UNINITIALIZED_AUTOS = YES_AGGRESSIVE;
				GCC_WARN_UNUSED_FUNCTION = YES;
				GCC_WARN_UNUSED_VARIABLE = YES;
				IPHONEOS_DEPLOYMENT_TARGET = 13.0;
				MTL_ENABLE_DEBUG_INFO = INCLUDE_SOURCE;
				MTL_FAST_MATH = YES;
				ONLY_ACTIVE_ARCH = YES;
				SDKROOT = iphoneos;
				SWIFT_ACTIVE_COMPILATION_CONDITIONS = DEBUG;
				SWIFT_OPTIMIZATION_LEVEL = "-Onone";
			};
			name = Debug;
		};
		DAE0CBEF2599AFA3007C333C /* Release */ = {
			isa = XCBuildConfiguration;
			buildSettings = {
				ALWAYS_SEARCH_USER_PATHS = NO;
				CLANG_ANALYZER_NONNULL = YES;
				CLANG_ANALYZER_NUMBER_OBJECT_CONVERSION = YES_AGGRESSIVE;
				CLANG_CXX_LANGUAGE_STANDARD = "gnu++14";
				CLANG_CXX_LIBRARY = "libc++";
				CLANG_ENABLE_MODULES = YES;
				CLANG_ENABLE_OBJC_ARC = YES;
				CLANG_ENABLE_OBJC_WEAK = YES;
				CLANG_WARN_BLOCK_CAPTURE_AUTORELEASING = YES;
				CLANG_WARN_BOOL_CONVERSION = YES;
				CLANG_WARN_COMMA = YES;
				CLANG_WARN_CONSTANT_CONVERSION = YES;
				CLANG_WARN_DEPRECATED_OBJC_IMPLEMENTATIONS = YES;
				CLANG_WARN_DIRECT_OBJC_ISA_USAGE = YES_ERROR;
				CLANG_WARN_DOCUMENTATION_COMMENTS = YES;
				CLANG_WARN_EMPTY_BODY = YES;
				CLANG_WARN_ENUM_CONVERSION = YES;
				CLANG_WARN_INFINITE_RECURSION = YES;
				CLANG_WARN_INT_CONVERSION = YES;
				CLANG_WARN_NON_LITERAL_NULL_CONVERSION = YES;
				CLANG_WARN_OBJC_IMPLICIT_RETAIN_SELF = YES;
				CLANG_WARN_OBJC_LITERAL_CONVERSION = YES;
				CLANG_WARN_OBJC_ROOT_CLASS = YES_ERROR;
				CLANG_WARN_RANGE_LOOP_ANALYSIS = YES;
				CLANG_WARN_STRICT_PROTOTYPES = YES;
				CLANG_WARN_SUSPICIOUS_MOVE = YES;
				CLANG_WARN_UNGUARDED_AVAILABILITY = YES_AGGRESSIVE;
				CLANG_WARN_UNREACHABLE_CODE = YES;
				CLANG_WARN__DUPLICATE_METHOD_MATCH = YES;
				COPY_PHASE_STRIP = NO;
				DEBUG_INFORMATION_FORMAT = "dwarf-with-dsym";
				ENABLE_NS_ASSERTIONS = NO;
				ENABLE_STRICT_OBJC_MSGSEND = YES;
				GCC_C_LANGUAGE_STANDARD = gnu11;
				GCC_NO_COMMON_BLOCKS = YES;
				GCC_WARN_64_TO_32_BIT_CONVERSION = YES;
				GCC_WARN_ABOUT_RETURN_TYPE = YES_ERROR;
				GCC_WARN_UNDECLARED_SELECTOR = YES;
				GCC_WARN_UNINITIALIZED_AUTOS = YES_AGGRESSIVE;
				GCC_WARN_UNUSED_FUNCTION = YES;
				GCC_WARN_UNUSED_VARIABLE = YES;
				IPHONEOS_DEPLOYMENT_TARGET = 13.0;
				MTL_ENABLE_DEBUG_INFO = NO;
				MTL_FAST_MATH = YES;
				SDKROOT = iphoneos;
				SWIFT_COMPILATION_MODE = wholemodule;
				SWIFT_OPTIMIZATION_LEVEL = "-O";
				VALIDATE_PRODUCT = YES;
			};
			name = Release;
		};
		DAE0CBF12599AFA3007C333C /* Debug */ = {
			isa = XCBuildConfiguration;
			buildSettings = {
				ASSETCATALOG_COMPILER_APPICON_NAME = AppIcon;
				CLANG_ENABLE_MODULES = YES;
				CODE_SIGN_STYLE = Automatic;
				DEVELOPMENT_TEAM = U7J22CSGHY;
				INFOPLIST_FILE = CalanderExample/Info.plist;
				LD_RUNPATH_SEARCH_PATHS = (
					"$(inherited)",
					"@executable_path/Frameworks",
				);
				PRODUCT_BUNDLE_IDENTIFIER = com.hitu.CalanderExample;
				PRODUCT_NAME = "$(TARGET_NAME)";
				SWIFT_OBJC_BRIDGING_HEADER = "CalanderExample/CalanderExample-Bridging-Header.h";
				SWIFT_OPTIMIZATION_LEVEL = "-Onone";
				SWIFT_VERSION = 5.0;
				TARGETED_DEVICE_FAMILY = "1,2";
			};
			name = Debug;
		};
		DAE0CBF22599AFA3007C333C /* Release */ = {
			isa = XCBuildConfiguration;
			buildSettings = {
				ASSETCATALOG_COMPILER_APPICON_NAME = AppIcon;
				CLANG_ENABLE_MODULES = YES;
				CODE_SIGN_STYLE = Automatic;
				DEVELOPMENT_TEAM = U7J22CSGHY;
				INFOPLIST_FILE = CalanderExample/Info.plist;
				LD_RUNPATH_SEARCH_PATHS = (
					"$(inherited)",
					"@executable_path/Frameworks",
				);
				PRODUCT_BUNDLE_IDENTIFIER = com.hitu.CalanderExample;
				PRODUCT_NAME = "$(TARGET_NAME)";
				SWIFT_OBJC_BRIDGING_HEADER = "CalanderExample/CalanderExample-Bridging-Header.h";
				SWIFT_VERSION = 5.0;
				TARGETED_DEVICE_FAMILY = "1,2";
			};
			name = Release;
		};
/* End XCBuildConfiguration section */

/* Begin XCConfigurationList section */
		DAE0CBD72599AF9E007C333C /* Build configuration list for PBXProject "CalanderExample" */ = {
			isa = XCConfigurationList;
			buildConfigurations = (
				DAE0CBEE2599AFA3007C333C /* Debug */,
				DAE0CBEF2599AFA3007C333C /* Release */,
			);
			defaultConfigurationIsVisible = 0;
			defaultConfigurationName = Release;
		};
		DAE0CBF02599AFA3007C333C /* Build configuration list for PBXNativeTarget "CalanderExample" */ = {
			isa = XCConfigurationList;
			buildConfigurations = (
				DAE0CBF12599AFA3007C333C /* Debug */,
				DAE0CBF22599AFA3007C333C /* Release */,
			);
			defaultConfigurationIsVisible = 0;
			defaultConfigurationName = Release;
		};
/* End XCConfigurationList section */
	};
	rootObject = DAE0CBD42599AF9E007C333C /* Project object */;
}
